// !$*UTF8*$!
{
	archiveVersion = 1;
	classes = {
	};
	objectVersion = 46;
	objects = {

/* Begin PBXBuildFile section */
		88CE82D91F72DE25002EF222 /* main.m in Sources */ = {isa = PBXBuildFile; fileRef = 88CE82D81F72DE25002EF222 /* main.m */; };
		88CE82DC1F72DE25002EF222 /* AppDelegate.m in Sources */ = {isa = PBXBuildFile; fileRef = 88CE82DB1F72DE25002EF222 /* AppDelegate.m */; };
		88CE82DF1F72DE25002EF222 /* ViewController.m in Sources */ = {isa = PBXBuildFile; fileRef = 88CE82DE1F72DE25002EF222 /* ViewController.m */; };
		88CE82E21F72DE25002EF222 /* Main.storyboard in Resources */ = {isa = PBXBuildFile; fileRef = 88CE82E01F72DE25002EF222 /* Main.storyboard */; };
		88CE82E41F72DE25002EF222 /* Assets.xcassets in Resources */ = {isa = PBXBuildFile; fileRef = 88CE82E31F72DE25002EF222 /* Assets.xcassets */; };
		88CE82E71F72DE25002EF222 /* LaunchScreen.storyboard in Resources */ = {isa = PBXBuildFile; fileRef = 88CE82E51F72DE25002EF222 /* LaunchScreen.storyboard */; };
		88CE82F01F72E644002EF222 /* PhotoCollectionViewCell.m in Sources */ = {isa = PBXBuildFile; fileRef = 88CE82EF1F72E644002EF222 /* PhotoCollectionViewCell.m */; };
		88CE82F61F72E984002EF222 /* PhotoManager.m in Sources */ = {isa = PBXBuildFile; fileRef = 88CE82F51F72E984002EF222 /* PhotoManager.m */; };
		88CE82F91F72EAD1002EF222 /* Photo.m in Sources */ = {isa = PBXBuildFile; fileRef = 88CE82F81F72EAD1002EF222 /* Photo.m */; };
		88CE82FC1F72EADE002EF222 /* PhotoObject.m in Sources */ = {isa = PBXBuildFile; fileRef = 88CE82FB1F72EADE002EF222 /* PhotoObject.m */; };
		88CE834B1F732D5C002EF222 /* PhotoCollectionReusableView.m in Sources */ = {isa = PBXBuildFile; fileRef = 88CE834A1F732D5C002EF222 /* PhotoCollectionReusableView.m */; };
/* End PBXBuildFile section */

/* Begin PBXFileReference section */
		88CE82D41F72DE25002EF222 /* InstaKilo.app */ = {isa = PBXFileReference; explicitFileType = wrapper.application; includeInIndex = 0; path = InstaKilo.app; sourceTree = BUILT_PRODUCTS_DIR; };
		88CE82D81F72DE25002EF222 /* main.m */ = {isa = PBXFileReference; lastKnownFileType = sourcecode.c.objc; path = main.m; sourceTree = "<group>"; };
		88CE82DA1F72DE25002EF222 /* AppDelegate.h */ = {isa = PBXFileReference; lastKnownFileType = sourcecode.c.h; path = AppDelegate.h; sourceTree = "<group>"; };
		88CE82DB1F72DE25002EF222 /* AppDelegate.m */ = {isa = PBXFileReference; lastKnownFileType = sourcecode.c.objc; path = AppDelegate.m; sourceTree = "<group>"; };
		88CE82DD1F72DE25002EF222 /* ViewController.h */ = {isa = PBXFileReference; lastKnownFileType = sourcecode.c.h; path = ViewController.h; sourceTree = "<group>"; };
		88CE82DE1F72DE25002EF222 /* ViewController.m */ = {isa = PBXFileReference; lastKnownFileType = sourcecode.c.objc; path = ViewController.m; sourceTree = "<group>"; };
		88CE82E11F72DE25002EF222 /* Base */ = {isa = PBXFileReference; lastKnownFileType = file.storyboard; name = Base; path = Base.lproj/Main.storyboard; sourceTree = "<group>"; };
		88CE82E31F72DE25002EF222 /* Assets.xcassets */ = {isa = PBXFileReference; lastKnownFileType = folder.assetcatalog; path = Assets.xcassets; sourceTree = "<group>"; };
		88CE82E61F72DE25002EF222 /* Base */ = {isa = PBXFileReference; lastKnownFileType = file.storyboard; name = Base; path = Base.lproj/LaunchScreen.storyboard; sourceTree = "<group>"; };
		88CE82E81F72DE25002EF222 /* Info.plist */ = {isa = PBXFileReference; lastKnownFileType = text.plist.xml; path = Info.plist; sourceTree = "<group>"; };
		88CE82EE1F72E644002EF222 /* PhotoCollectionViewCell.h */ = {isa = PBXFileReference; fileEncoding = 4; lastKnownFileType = sourcecode.c.h; path = PhotoCollectionViewCell.h; sourceTree = "<group>"; };
		88CE82EF1F72E644002EF222 /* PhotoCollectionViewCell.m */ = {isa = PBXFileReference; fileEncoding = 4; lastKnownFileType = sourcecode.c.objc; path = PhotoCollectionViewCell.m; sourceTree = "<group>"; };
		88CE82F41F72E984002EF222 /* PhotoManager.h */ = {isa = PBXFileReference; fileEncoding = 4; lastKnownFileType = sourcecode.c.h; path = PhotoManager.h; sourceTree = "<group>"; };
		88CE82F51F72E984002EF222 /* PhotoManager.m */ = {isa = PBXFileReference; fileEncoding = 4; lastKnownFileType = sourcecode.c.objc; path = PhotoManager.m; sourceTree = "<group>"; };
		88CE82F71F72EAD1002EF222 /* Photo.h */ = {isa = PBXFileReference; fileEncoding = 4; lastKnownFileType = sourcecode.c.h; path = Photo.h; sourceTree = "<group>"; };
		88CE82F81F72EAD1002EF222 /* Photo.m */ = {isa = PBXFileReference; fileEncoding = 4; lastKnownFileType = sourcecode.c.objc; path = Photo.m; sourceTree = "<group>"; };
		88CE82FA1F72EADE002EF222 /* PhotoObject.h */ = {isa = PBXFileReference; fileEncoding = 4; lastKnownFileType = sourcecode.c.h; path = PhotoObject.h; sourceTree = "<group>"; };
		88CE82FB1F72EADE002EF222 /* PhotoObject.m */ = {isa = PBXFileReference; fileEncoding = 4; lastKnownFileType = sourcecode.c.objc; path = PhotoObject.m; sourceTree = "<group>"; };
		88CE83491F732D5C002EF222 /* PhotoCollectionReusableView.h */ = {isa = PBXFileReference; fileEncoding = 4; lastKnownFileType = sourcecode.c.h; path = PhotoCollectionReusableView.h; sourceTree = "<group>"; };
		88CE834A1F732D5C002EF222 /* PhotoCollectionReusableView.m */ = {isa = PBXFileReference; fileEncoding = 4; lastKnownFileType = sourcecode.c.objc; path = PhotoCollectionReusableView.m; sourceTree = "<group>"; };
/* End PBXFileReference section */

/* Begin PBXFrameworksBuildPhase section */
		88CE82D11F72DE25002EF222 /* Frameworks */ = {
			isa = PBXFrameworksBuildPhase;
			buildActionMask = 2147483647;
			files = (
			);
			runOnlyForDeploymentPostprocessing = 0;
		};
/* End PBXFrameworksBuildPhase section */

/* Begin PBXGroup section */
		88CE82CB1F72DE25002EF222 = {
			isa = PBXGroup;
			children = (
				88CE82D61F72DE25002EF222 /* InstaKilo */,
				88CE82D51F72DE25002EF222 /* Products */,
			);
			sourceTree = "<group>";
		};
		88CE82D51F72DE25002EF222 /* Products */ = {
			isa = PBXGroup;
			children = (
				88CE82D41F72DE25002EF222 /* InstaKilo.app */,
			);
			name = Products;
			sourceTree = "<group>";
		};
		88CE82D61F72DE25002EF222 /* InstaKilo */ = {
			isa = PBXGroup;
			children = (
				88CE82DA1F72DE25002EF222 /* AppDelegate.h */,
				88CE82DB1F72DE25002EF222 /* AppDelegate.m */,
				88CE82DD1F72DE25002EF222 /* ViewController.h */,
				88CE82DE1F72DE25002EF222 /* ViewController.m */,
				88CE82E01F72DE25002EF222 /* Main.storyboard */,
				88CE82EE1F72E644002EF222 /* PhotoCollectionViewCell.h */,
				88CE82EF1F72E644002EF222 /* PhotoCollectionViewCell.m */,
				88CE82E31F72DE25002EF222 /* Assets.xcassets */,
				88CE82E51F72DE25002EF222 /* LaunchScreen.storyboard */,
				88CE82E81F72DE25002EF222 /* Info.plist */,
				88CE82D71F72DE25002EF222 /* Supporting Files */,
				88CE82F41F72E984002EF222 /* PhotoManager.h */,
				88CE82F51F72E984002EF222 /* PhotoManager.m */,
				88CE82F71F72EAD1002EF222 /* Photo.h */,
				88CE82F81F72EAD1002EF222 /* Photo.m */,
				88CE82FA1F72EADE002EF222 /* PhotoObject.h */,
				88CE82FB1F72EADE002EF222 /* PhotoObject.m */,
				88CE83491F732D5C002EF222 /* PhotoCollectionReusableView.h */,
				88CE834A1F732D5C002EF222 /* PhotoCollectionReusableView.m */,
			);
			path = InstaKilo;
			sourceTree = "<group>";
		};
		88CE82D71F72DE25002EF222 /* Supporting Files */ = {
			isa = PBXGroup;
			children = (
				88CE82D81F72DE25002EF222 /* main.m */,
			);
			name = "Supporting Files";
			sourceTree = "<group>";
		};
/* End PBXGroup section */

/* Begin PBXNativeTarget section */
		88CE82D31F72DE25002EF222 /* InstaKilo */ = {
			isa = PBXNativeTarget;
			buildConfigurationList = 88CE82EB1F72DE25002EF222 /* Build configuration list for PBXNativeTarget "InstaKilo" */;
			buildPhases = (
				88CE82D01F72DE25002EF222 /* Sources */,
				88CE82D11F72DE25002EF222 /* Frameworks */,
				88CE82D21F72DE25002EF222 /* Resources */,
			);
			buildRules = (
			);
			dependencies = (
			);
			name = InstaKilo;
			productName = InstaKilo;
			productReference = 88CE82D41F72DE25002EF222 /* InstaKilo.app */;
			productType = "com.apple.product-type.application";
		};
/* End PBXNativeTarget section */

/* Begin PBXProject section */
		88CE82CC1F72DE25002EF222 /* Project object */ = {
			isa = PBXProject;
			attributes = {
				LastUpgradeCheck = 0830;
				ORGANIZATIONNAME = "Jaison Bhatti";
				TargetAttributes = {
					88CE82D31F72DE25002EF222 = {
						CreatedOnToolsVersion = 8.3.3;
						ProvisioningStyle = Automatic;
					};
				};
			};
			buildConfigurationList = 88CE82CF1F72DE25002EF222 /* Build configuration list for PBXProject "InstaKilo" */;
			compatibilityVersion = "Xcode 3.2";
			developmentRegion = English;
			hasScannedForEncodings = 0;
			knownRegions = (
				en,
				Base,
			);
			mainGroup = 88CE82CB1F72DE25002EF222;
			productRefGroup = 88CE82D51F72DE25002EF222 /* Products */;
			projectDirPath = "";
			projectRoot = "";
			targets = (
				88CE82D31F72DE25002EF222 /* InstaKilo */,
			);
		};
/* End PBXProject section */

/* Begin PBXResourcesBuildPhase section */
		88CE82D21F72DE25002EF222 /* Resources */ = {
			isa = PBXResourcesBuildPhase;
			buildActionMask = 2147483647;
			files = (
				88CE82E71F72DE25002EF222 /* LaunchScreen.storyboard in Resources */,
				88CE82E41F72DE25002EF222 /* Assets.xcassets in Resources */,
				88CE82E21F72DE25002EF222 /* Main.storyboard in Resources */,
			);
			runOnlyForDeploymentPostprocessing = 0;
		};
/* End PBXResourcesBuildPhase section */

/* Begin PBXSourcesBuildPhase section */
		88CE82D01F72DE25002EF222 /* Sources */ = {
			isa = PBXSourcesBuildPhase;
			buildActionMask = 2147483647;
			files = (
				88CE82F91F72EAD1002EF222 /* Photo.m in Sources */,
				88CE82FC1F72EADE002EF222 /* PhotoObject.m in Sources */,
				88CE82DF1F72DE25002EF222 /* ViewController.m in Sources */,
				88CE82F01F72E644002EF222 /* PhotoCollectionViewCell.m in Sources */,
				88CE834B1F732D5C002EF222 /* PhotoCollectionReusableView.m in Sources */,
				88CE82DC1F72DE25002EF222 /* AppDelegate.m in Sources */,
				88CE82F61F72E984002EF222 /* PhotoManager.m in Sources */,
				88CE82D91F72DE25002EF222 /* main.m in Sources */,
			);
			runOnlyForDeploymentPostprocessing = 0;
		};
/* End PBXSourcesBuildPhase section */

/* Begin PBXVariantGroup section */
		88CE82E01F72DE25002EF222 /* Main.storyboard */ = {
			isa = PBXVariantGroup;
			children = (
				88CE82E11F72DE25002EF222 /* Base */,
			);
			name = Main.storyboard;
			sourceTree = "<group>";
		};
		88CE82E51F72DE25002EF222 /* LaunchScreen.storyboard */ = {
			isa = PBXVariantGroup;
			children = (
				88CE82E61F72DE25002EF222 /* Base */,
			);
			name = LaunchScreen.storyboard;
			sourceTree = "<group>";
		};
/* End PBXVariantGroup section */

/* Begin XCBuildConfiguration section */
		88CE82E91F72DE25002EF222 /* Debug */ = {
			isa = XCBuildConfiguration;
			buildSettings = {
				ALWAYS_SEARCH_USER_PATHS = NO;
				CLANG_ANALYZER_NONNULL = YES;
				CLANG_ANALYZER_NUMBER_OBJECT_CONVERSION = YES_AGGRESSIVE;
				CLANG_CXX_LANGUAGE_STANDARD = "gnu++0x";
				CLANG_CXX_LIBRARY = "libc++";
				CLANG_ENABLE_MODULES = YES;
				CLANG_ENABLE_OBJC_ARC = YES;
				CLANG_WARN_BOOL_CONVERSION = YES;
				CLANG_WARN_CONSTANT_CONVERSION = YES;
				CLANG_WARN_DIRECT_OBJC_ISA_USAGE = YES_ERROR;
				CLANG_WARN_DOCUMENTATION_COMMENTS = YES;
				CLANG_WARN_EMPTY_BODY = YES;
				CLANG_WARN_ENUM_CONVERSION = YES;
				CLANG_WARN_INFINITE_RECURSION = YES;
				CLANG_WARN_INT_CONVERSION = YES;
				CLANG_WARN_OBJC_ROOT_CLASS = YES_ERROR;
				CLANG_WARN_SUSPICIOUS_MOVE = YES;
				CLANG_WARN_UNREACHABLE_CODE = YES;
				CLANG_WARN__DUPLICATE_METHOD_MATCH = YES;
				"CODE_SIGN_IDENTITY[sdk=iphoneos*]" = "iPhone Developer";
				COPY_PHASE_STRIP = NO;
				DEBUG_INFORMATION_FORMAT = dwarf;
				ENABLE_STRICT_OBJC_MSGSEND = YES;
				ENABLE_TESTABILITY = YES;
				GCC_C_LANGUAGE_STANDARD = gnu99;
				GCC_DYNAMIC_NO_PIC = NO;
				GCC_NO_COMMON_BLOCKS = YES;
				GCC_OPTIMIZATION_LEVEL = 0;
				GCC_PREPROCESSOR_DEFINITIONS = (
					"DEBUG=1",
					"$(inherited)",
				);
				GCC_WARN_64_TO_32_BIT_CONVERSION = YES;
				GCC_WARN_ABOUT_RETURN_TYPE = YES_ERROR;
				GCC_WARN_UNDECLARED_SELECTOR = YES;
				GCC_WARN_UNINITIALIZED_AUTOS = YES_AGGRESSIVE;
				GCC_WARN_UNUSED_FUNCTION = YES;
				GCC_WARN_UNUSED_VARIABLE = YES;
				IPHONEOS_DEPLOYMENT_TARGET = 10.3;
				MTL_ENABLE_DEBUG_INFO = YES;
				ONLY_ACTIVE_ARCH = YES;
				SDKROOT = iphoneos;
			};
			name = Debug;
		};
		88CE82EA1F72DE25002EF222 /* Release */ = {
			isa = XCBuildConfiguration;
			buildSettings = {
				ALWAYS_SEARCH_USER_PATHS = NO;
				CLANG_ANALYZER_NONNULL = YES;
				CLANG_ANALYZER_NUMBER_OBJECT_CONVERSION = YES_AGGRESSIVE;
				CLANG_CXX_LANGUAGE_STANDARD = "gnu++0x";
				CLANG_CXX_LIBRARY = "libc++";
				CLANG_ENABLE_MODULES = YES;
				CLANG_ENABLE_OBJC_ARC = YES;
				CLANG_WARN_BOOL_CONVERSION = YES;
				CLANG_WARN_CONSTANT_CONVERSION = YES;
				CLANG_WARN_DIRECT_OBJC_ISA_USAGE = YES_ERROR;
				CLANG_WARN_DOCUMENTATION_COMMENTS = YES;
				CLANG_WARN_EMPTY_BODY = YES;
				CLANG_WARN_ENUM_CONVERSION = YES;
				CLANG_WARN_INFINITE_RECURSION = YES;
				CLANG_WARN_INT_CONVERSION = YES;
				CLANG_WARN_OBJC_ROOT_CLASS = YES_ERROR;
				CLANG_WARN_SUSPICIOUS_MOVE = YES;
				CLANG_WARN_UNREACHABLE_CODE = YES;
				CLANG_WARN__DUPLICATE_METHOD_MATCH = YES;
				"CODE_SIGN_IDENTITY[sdk=iphoneos*]" = "iPhone Developer";
				COPY_PHASE_STRIP = NO;
				DEBUG_INFORMATION_FORMAT = "dwarf-with-dsym";
				ENABLE_NS_ASSERTIONS = NO;
				ENABLE_STRICT_OBJC_MSGSEND = YES;
				GCC_C_LANGUAGE_STANDARD = gnu99;
				GCC_NO_COMMON_BLOCKS = YES;
				GCC_WARN_64_TO_32_BIT_CONVERSION = YES;
				GCC_WARN_ABOUT_RETURN_TYPE = YES_ERROR;
				GCC_WARN_UNDECLARED_SELECTOR = YES;
				GCC_WARN_UNINITIALIZED_AUTOS = YES_AGGRESSIVE;
				GCC_WARN_UNUSED_FUNCTION = YES;
				GCC_WARN_UNUSED_VARIABLE = YES;
				IPHONEOS_DEPLOYMENT_TARGET = 10.3;
				MTL_ENABLE_DEBUG_INFO = NO;
				SDKROOT = iphoneos;
				VALIDATE_PRODUCT = YES;
			};
			name = Release;
		};
		88CE82EC1F72DE25002EF222 /* Debug */ = {
			isa = XCBuildConfiguration;
			buildSettings = {
				ASSETCATALOG_COMPILER_APPICON_NAME = AppIcon;
				INFOPLIST_FILE = InstaKilo/Info.plist;
				LD_RUNPATH_SEARCH_PATHS = "$(inherited) @executable_path/Frameworks";
				PRODUCT_BUNDLE_IDENTIFIER = com.jaisonbhatti.InstaKilo;
				PRODUCT_NAME = "$(TARGET_NAME)";
			};
			name = Debug;
		};
		88CE82ED1F72DE25002EF222 /* Release */ = {
			isa = XCBuildConfiguration;
			buildSettings = {
				ASSETCATALOG_COMPILER_APPICON_NAME = AppIcon;
				INFOPLIST_FILE = InstaKilo/Info.plist;
				LD_RUNPATH_SEARCH_PATHS = "$(inherited) @executable_path/Frameworks";
				PRODUCT_BUNDLE_IDENTIFIER = com.jaisonbhatti.InstaKilo;
				PRODUCT_NAME = "$(TARGET_NAME)";
			};
			name = Release;
		};
/* End XCBuildConfiguration section */

/* Begin XCConfigurationList section */
		88CE82CF1F72DE25002EF222 /* Build configuration list for PBXProject "InstaKilo" */ = {
			isa = XCConfigurationList;
			buildConfigurations = (
				88CE82E91F72DE25002EF222 /* Debug */,
				88CE82EA1F72DE25002EF222 /* Release */,
			);
			defaultConfigurationIsVisible = 0;
			defaultConfigurationName = Release;
		};
		88CE82EB1F72DE25002EF222 /* Build configuration list for PBXNativeTarget "InstaKilo" */ = {
			isa = XCConfigurationList;
			buildConfigurations = (
				88CE82EC1F72DE25002EF222 /* Debug */,
				88CE82ED1F72DE25002EF222 /* Release */,
			);
			defaultConfigurationIsVisible = 0;
		};
/* End XCConfigurationList section */
	};
	rootObject = 88CE82CC1F72DE25002EF222 /* Project object */;
}
